
Microsoft Visual Studio Solution File, Format Version 12.00
# Visual Studio 14
VisualStudioVersion = 14.0.25420.1
MinimumVisualStudioVersion = 10.0.40219.1
Project("{D954291E-2A0B-460D-934E-DC6B0785DB48}") = "Xamarin_forms_Inicial", "Xamarin_forms_Inicial\Xamarin_forms_Inicial\Xamarin_forms_Inicial.shproj", "{E2DAC17F-A7AD-43A6-ACC5-344211C6BB90}"
EndProject
Project("{FAE04EC0-301F-11D3-BF4B-00C04F79EFBC}") = "Xamarin_forms_Inicial.Droid", "Xamarin_forms_Inicial\Xamarin_forms_Inicial.Droid\Xamarin_forms_Inicial.Droid.csproj", "{B7E7B66F-77B4-487D-A501-F46F84E15092}"
EndProject
Project("{FAE04EC0-301F-11D3-BF4B-00C04F79EFBC}") = "Xamarin_forms_Inicial.iOS", "Xamarin_forms_Inicial\Xamarin_forms_Inicial.iOS\Xamarin_forms_Inicial.iOS.csproj", "{337F5158-536B-4AE8-BDF5-904F7B07310A}"
EndProject
Project("{FAE04EC0-301F-11D3-BF4B-00C04F79EFBC}") = "Xamarin_forms_Inicial.WinPhone", "Xamarin_forms_Inicial\Xamarin_forms_Inicial.WinPhone\Xamarin_forms_Inicial.WinPhone.csproj", "{5A112EC4-3F87-451F-9620-B3F79A276ABE}"
EndProject
Project("{FAE04EC0-301F-11D3-BF4B-00C04F79EFBC}") = "Xamarin_forms_Inicial.Windows", "Xamarin_forms_Inicial\Xamarin_forms_Inicial.Windows\Xamarin_forms_Inicial.Windows.csproj", "{0FCD0F73-7031-40E2-96A1-FFEA81FC0B73}"
EndProject
Global
	GlobalSection(SharedMSBuildProjectFiles) = preSolution
		Xamarin_forms_Inicial\Xamarin_forms_Inicial\Xamarin_forms_Inicial.projitems*{337f5158-536b-4ae8-bdf5-904f7b07310a}*SharedItemsImports = 4
		Xamarin_forms_Inicial\Xamarin_forms_Inicial\Xamarin_forms_Inicial.projitems*{b7e7b66f-77b4-487d-a501-f46f84e15092}*SharedItemsImports = 4
		Xamarin_forms_Inicial\Xamarin_forms_Inicial\Xamarin_forms_Inicial.projitems*{e2dac17f-a7ad-43a6-acc5-344211c6bb90}*SharedItemsImports = 13
	EndGlobalSection
	GlobalSection(SolutionConfigurationPlatforms) = preSolution
		Ad-Hoc|Any CPU = Ad-Hoc|Any CPU
		Ad-Hoc|ARM = Ad-Hoc|ARM
		Ad-Hoc|iPhone = Ad-Hoc|iPhone
		Ad-Hoc|iPhoneSimulator = Ad-Hoc|iPhoneSimulator
		Ad-Hoc|x64 = Ad-Hoc|x64
		Ad-Hoc|x86 = Ad-Hoc|x86
		AppStore|Any CPU = AppStore|Any CPU
		AppStore|ARM = AppStore|ARM
		AppStore|iPhone = AppStore|iPhone
		AppStore|iPhoneSimulator = AppStore|iPhoneSimulator
		AppStore|x64 = AppStore|x64
		AppStore|x86 = AppStore|x86
		Debug|Any CPU = Debug|Any CPU
		Debug|ARM = Debug|ARM
		Debug|iPhone = Debug|iPhone
		Debug|iPhoneSimulator = Debug|iPhoneSimulator
		Debug|x64 = Debug|x64
		Debug|x86 = Debug|x86
		Release|Any CPU = Release|Any CPU
		Release|ARM = Release|ARM
		Release|iPhone = Release|iPhone
		Release|iPhoneSimulator = Release|iPhoneSimulator
		Release|x64 = Release|x64
		Release|x86 = Release|x86
	EndGlobalSection
	GlobalSection(ProjectConfigurationPlatforms) = postSolution
		{B7E7B66F-77B4-487D-A501-F46F84E15092}.Ad-Hoc|Any CPU.ActiveCfg = Release|Any CPU
		{B7E7B66F-77B4-487D-A501-F46F84E15092}.Ad-Hoc|Any CPU.Build.0 = Release|Any CPU
		{B7E7B66F-77B4-487D-A501-F46F84E15092}.Ad-Hoc|Any CPU.Deploy.0 = Release|Any CPU
		{B7E7B66F-77B4-487D-A501-F46F84E15092}.Ad-Hoc|ARM.ActiveCfg = Release|Any CPU
		{B7E7B66F-77B4-487D-A501-F46F84E15092}.Ad-Hoc|ARM.Build.0 = Release|Any CPU
		{B7E7B66F-77B4-487D-A501-F46F84E15092}.Ad-Hoc|ARM.Deploy.0 = Release|Any CPU
		{B7E7B66F-77B4-487D-A501-F46F84E15092}.Ad-Hoc|iPhone.ActiveCfg = Release|Any CPU
		{B7E7B66F-77B4-487D-A501-F46F84E15092}.Ad-Hoc|iPhone.Build.0 = Release|Any CPU
		{B7E7B66F-77B4-487D-A501-F46F84E15092}.Ad-Hoc|iPhone.Deploy.0 = Release|Any CPU
		{B7E7B66F-77B4-487D-A501-F46F84E15092}.Ad-Hoc|iPhoneSimulator.ActiveCfg = Release|Any CPU
		{B7E7B66F-77B4-487D-A501-F46F84E15092}.Ad-Hoc|iPhoneSimulator.Build.0 = Release|Any CPU
		{B7E7B66F-77B4-487D-A501-F46F84E15092}.Ad-Hoc|iPhoneSimulator.Deploy.0 = Release|Any CPU
		{B7E7B66F-77B4-487D-A501-F46F84E15092}.Ad-Hoc|x64.ActiveCfg = Release|Any CPU
		{B7E7B66F-77B4-487D-A501-F46F84E15092}.Ad-Hoc|x64.Build.0 = Release|Any CPU
		{B7E7B66F-77B4-487D-A501-F46F84E15092}.Ad-Hoc|x64.Deploy.0 = Release|Any CPU
		{B7E7B66F-77B4-487D-A501-F46F84E15092}.Ad-Hoc|x86.ActiveCfg = Release|Any CPU
		{B7E7B66F-77B4-487D-A501-F46F84E15092}.Ad-Hoc|x86.Build.0 = Release|Any CPU
		{B7E7B66F-77B4-487D-A501-F46F84E15092}.Ad-Hoc|x86.Deploy.0 = Release|Any CPU
		{B7E7B66F-77B4-487D-A501-F46F84E15092}.AppStore|Any CPU.ActiveCfg = Release|Any CPU
		{B7E7B66F-77B4-487D-A501-F46F84E15092}.AppStore|Any CPU.Build.0 = Release|Any CPU
		{B7E7B66F-77B4-487D-A501-F46F84E15092}.AppStore|Any CPU.Deploy.0 = Release|Any CPU
		{B7E7B66F-77B4-487D-A501-F46F84E15092}.AppStore|ARM.ActiveCfg = Release|Any CPU
		{B7E7B66F-77B4-487D-A501-F46F84E15092}.AppStore|ARM.Build.0 = Release|Any CPU
		{B7E7B66F-77B4-487D-A501-F46F84E15092}.AppStore|ARM.Deploy.0 = Release|Any CPU
		{B7E7B66F-77B4-487D-A501-F46F84E15092}.AppStore|iPhone.ActiveCfg = Release|Any CPU
		{B7E7B66F-77B4-487D-A501-F46F84E15092}.AppStore|iPhone.Build.0 = Release|Any CPU
		{B7E7B66F-77B4-487D-A501-F46F84E15092}.AppStore|iPhone.Deploy.0 = Release|Any CPU
		{B7E7B66F-77B4-487D-A501-F46F84E15092}.AppStore|iPhoneSimulator.ActiveCfg = Release|Any CPU
		{B7E7B66F-77B4-487D-A501-F46F84E15092}.AppStore|iPhoneSimulator.Build.0 = Release|Any CPU
		{B7E7B66F-77B4-487D-A501-F46F84E15092}.AppStore|iPhoneSimulator.Deploy.0 = Release|Any CPU
		{B7E7B66F-77B4-487D-A501-F46F84E15092}.AppStore|x64.ActiveCfg = Release|Any CPU
		{B7E7B66F-77B4-487D-A501-F46F84E15092}.AppStore|x64.Build.0 = Release|Any CPU
		{B7E7B66F-77B4-487D-A501-F46F84E15092}.AppStore|x64.Deploy.0 = Release|Any CPU
		{B7E7B66F-77B4-487D-A501-F46F84E15092}.AppStore|x86.ActiveCfg = Release|Any CPU
		{B7E7B66F-77B4-487D-A501-F46F84E15092}.AppStore|x86.Build.0 = Release|Any CPU
		{B7E7B66F-77B4-487D-A501-F46F84E15092}.AppStore|x86.Deploy.0 = Release|Any CPU
		{B7E7B66F-77B4-487D-A501-F46F84E15092}.Debug|Any CPU.ActiveCfg = Debug|Any CPU
		{B7E7B66F-77B4-487D-A501-F46F84E15092}.Debug|Any CPU.Build.0 = Debug|Any CPU
		{B7E7B66F-77B4-487D-A501-F46F84E15092}.Debug|Any CPU.Deploy.0 = Debug|Any CPU
		{B7E7B66F-77B4-487D-A501-F46F84E15092}.Debug|ARM.ActiveCfg = Debug|Any CPU
		{B7E7B66F-77B4-487D-A501-F46F84E15092}.Debug|ARM.Build.0 = Debug|Any CPU
		{B7E7B66F-77B4-487D-A501-F46F84E15092}.Debug|ARM.Deploy.0 = Debug|Any CPU
		{B7E7B66F-77B4-487D-A501-F46F84E15092}.Debug|iPhone.ActiveCfg = Debug|Any CPU
		{B7E7B66F-77B4-487D-A501-F46F84E15092}.Debug|iPhone.Build.0 = Debug|Any CPU
		{B7E7B66F-77B4-487D-A501-F46F84E15092}.Debug|iPhone.Deploy.0 = Debug|Any CPU
		{B7E7B66F-77B4-487D-A501-F46F84E15092}.Debug|iPhoneSimulator.ActiveCfg = Debug|Any CPU
		{B7E7B66F-77B4-487D-A501-F46F84E15092}.Debug|iPhoneSimulator.Build.0 = Debug|Any CPU
		{B7E7B66F-77B4-487D-A501-F46F84E15092}.Debug|iPhoneSimulator.Deploy.0 = Debug|Any CPU
		{B7E7B66F-77B4-487D-A501-F46F84E15092}.Debug|x64.ActiveCfg = Debug|Any CPU
		{B7E7B66F-77B4-487D-A501-F46F84E15092}.Debug|x64.Build.0 = Debug|Any CPU
		{B7E7B66F-77B4-487D-A501-F46F84E15092}.Debug|x64.Deploy.0 = Debug|Any CPU
		{B7E7B66F-77B4-487D-A501-F46F84E15092}.Debug|x86.ActiveCfg = Debug|Any CPU
		{B7E7B66F-77B4-487D-A501-F46F84E15092}.Debug|x86.Build.0 = Debug|Any CPU
		{B7E7B66F-77B4-487D-A501-F46F84E15092}.Debug|x86.Deploy.0 = Debug|Any CPU
		{B7E7B66F-77B4-487D-A501-F46F84E15092}.Release|Any CPU.ActiveCfg = Release|Any CPU
		{B7E7B66F-77B4-487D-A501-F46F84E15092}.Release|Any CPU.Build.0 = Release|Any CPU
		{B7E7B66F-77B4-487D-A501-F46F84E15092}.Release|Any CPU.Deploy.0 = Release|Any CPU
		{B7E7B66F-77B4-487D-A501-F46F84E15092}.Release|ARM.ActiveCfg = Release|Any CPU
		{B7E7B66F-77B4-487D-A501-F46F84E15092}.Release|ARM.Build.0 = Release|Any CPU
		{B7E7B66F-77B4-487D-A501-F46F84E15092}.Release|ARM.Deploy.0 = Release|Any CPU
		{B7E7B66F-77B4-487D-A501-F46F84E15092}.Release|iPhone.ActiveCfg = Release|Any CPU
		{B7E7B66F-77B4-487D-A501-F46F84E15092}.Release|iPhone.Build.0 = Release|Any CPU
		{B7E7B66F-77B4-487D-A501-F46F84E15092}.Release|iPhone.Deploy.0 = Release|Any CPU
		{B7E7B66F-77B4-487D-A501-F46F84E15092}.Release|iPhoneSimulator.ActiveCfg = Release|Any CPU
		{B7E7B66F-77B4-487D-A501-F46F84E15092}.Release|iPhoneSimulator.Build.0 = Release|Any CPU
		{B7E7B66F-77B4-487D-A501-F46F84E15092}.Release|iPhoneSimulator.Deploy.0 = Release|Any CPU
		{B7E7B66F-77B4-487D-A501-F46F84E15092}.Release|x64.ActiveCfg = Release|Any CPU
		{B7E7B66F-77B4-487D-A501-F46F84E15092}.Release|x64.Build.0 = Release|Any CPU
		{B7E7B66F-77B4-487D-A501-F46F84E15092}.Release|x64.Deploy.0 = Release|Any CPU
		{B7E7B66F-77B4-487D-A501-F46F84E15092}.Release|x86.ActiveCfg = Release|Any CPU
		{B7E7B66F-77B4-487D-A501-F46F84E15092}.Release|x86.Build.0 = Release|Any CPU
		{B7E7B66F-77B4-487D-A501-F46F84E15092}.Release|x86.Deploy.0 = Release|Any CPU
		{337F5158-536B-4AE8-BDF5-904F7B07310A}.Ad-Hoc|Any CPU.ActiveCfg = Ad-Hoc|iPhone
		{337F5158-536B-4AE8-BDF5-904F7B07310A}.Ad-Hoc|ARM.ActiveCfg = Ad-Hoc|iPhone
		{337F5158-536B-4AE8-BDF5-904F7B07310A}.Ad-Hoc|iPhone.ActiveCfg = Ad-Hoc|iPhone
		{337F5158-536B-4AE8-BDF5-904F7B07310A}.Ad-Hoc|iPhone.Build.0 = Ad-Hoc|iPhone
		{337F5158-536B-4AE8-BDF5-904F7B07310A}.Ad-Hoc|iPhoneSimulator.ActiveCfg = Ad-Hoc|iPhoneSimulator
		{337F5158-536B-4AE8-BDF5-904F7B07310A}.Ad-Hoc|iPhoneSimulator.Build.0 = Ad-Hoc|iPhoneSimulator
		{337F5158-536B-4AE8-BDF5-904F7B07310A}.Ad-Hoc|x64.ActiveCfg = Ad-Hoc|iPhone
		{337F5158-536B-4AE8-BDF5-904F7B07310A}.Ad-Hoc|x86.ActiveCfg = Ad-Hoc|iPhone
		{337F5158-536B-4AE8-BDF5-904F7B07310A}.AppStore|Any CPU.ActiveCfg = AppStore|iPhone
		{337F5158-536B-4AE8-BDF5-904F7B07310A}.AppStore|ARM.ActiveCfg = AppStore|iPhone
		{337F5158-536B-4AE8-BDF5-904F7B07310A}.AppStore|iPhone.ActiveCfg = AppStore|iPhone
		{337F5158-536B-4AE8-BDF5-904F7B07310A}.AppStore|iPhone.Build.0 = AppStore|iPhone
		{337F5158-536B-4AE8-BDF5-904F7B07310A}.AppStore|iPhoneSimulator.ActiveCfg = AppStore|iPhoneSimulator
		{337F5158-536B-4AE8-BDF5-904F7B07310A}.AppStore|iPhoneSimulator.Build.0 = AppStore|iPhoneSimulator
		{337F5158-536B-4AE8-BDF5-904F7B07310A}.AppStore|x64.ActiveCfg = AppStore|iPhone
		{337F5158-536B-4AE8-BDF5-904F7B07310A}.AppStore|x86.ActiveCfg = AppStore|iPhone
		{337F5158-536B-4AE8-BDF5-904F7B07310A}.Debug|Any CPU.ActiveCfg = Debug|iPhone
		{337F5158-536B-4AE8-BDF5-904F7B07310A}.Debug|ARM.ActiveCfg = Debug|iPhone
		{337F5158-536B-4AE8-BDF5-904F7B07310A}.Debug|iPhone.ActiveCfg = Debug|iPhone
		{337F5158-536B-4AE8-BDF5-904F7B07310A}.Debug|iPhone.Build.0 = Debug|iPhone
		{337F5158-536B-4AE8-BDF5-904F7B07310A}.Debug|iPhoneSimulator.ActiveCfg = Debug|iPhoneSimulator
		{337F5158-536B-4AE8-BDF5-904F7B07310A}.Debug|iPhoneSimulator.Build.0 = Debug|iPhoneSimulator
		{337F5158-536B-4AE8-BDF5-904F7B07310A}.Debug|x64.ActiveCfg = Debug|iPhone
		{337F5158-536B-4AE8-BDF5-904F7B07310A}.Debug|x86.ActiveCfg = Debug|iPhone
		{337F5158-536B-4AE8-BDF5-904F7B07310A}.Release|Any CPU.ActiveCfg = Release|iPhone
		{337F5158-536B-4AE8-BDF5-904F7B07310A}.Release|ARM.ActiveCfg = Release|iPhone
		{337F5158-536B-4AE8-BDF5-904F7B07310A}.Release|iPhone.ActiveCfg = Release|iPhone
		{337F5158-536B-4AE8-BDF5-904F7B07310A}.Release|iPhone.Build.0 = Release|iPhone
		{337F5158-536B-4AE8-BDF5-904F7B07310A}.Release|iPhoneSimulator.ActiveCfg = Release|iPhoneSimulator
		{337F5158-536B-4AE8-BDF5-904F7B07310A}.Release|iPhoneSimulator.Build.0 = Release|iPhoneSimulator
		{337F5158-536B-4AE8-BDF5-904F7B07310A}.Release|x64.ActiveCfg = Release|iPhone
		{337F5158-536B-4AE8-BDF5-904F7B07310A}.Release|x86.ActiveCfg = Release|iPhone
		{5A112EC4-3F87-451F-9620-B3F79A276ABE}.Ad-Hoc|Any CPU.ActiveCfg = Release|Any CPU
		{5A112EC4-3F87-451F-9620-B3F79A276ABE}.Ad-Hoc|Any CPU.Build.0 = Release|Any CPU
		{5A112EC4-3F87-451F-9620-B3F79A276ABE}.Ad-Hoc|Any CPU.Deploy.0 = Release|Any CPU
		{5A112EC4-3F87-451F-9620-B3F79A276ABE}.Ad-Hoc|ARM.ActiveCfg = Release|ARM
		{5A112EC4-3F87-451F-9620-B3F79A276ABE}.Ad-Hoc|ARM.Build.0 = Release|ARM
		{5A112EC4-3F87-451F-9620-B3F79A276ABE}.Ad-Hoc|ARM.Deploy.0 = Release|ARM
		{5A112EC4-3F87-451F-9620-B3F79A276ABE}.Ad-Hoc|iPhone.ActiveCfg = Release|Any CPU
		{5A112EC4-3F87-451F-9620-B3F79A276ABE}.Ad-Hoc|iPhone.Build.0 = Release|Any CPU
		{5A112EC4-3F87-451F-9620-B3F79A276ABE}.Ad-Hoc|iPhone.Deploy.0 = Release|Any CPU
		{5A112EC4-3F87-451F-9620-B3F79A276ABE}.Ad-Hoc|iPhoneSimulator.ActiveCfg = Release|Any CPU
		{5A112EC4-3F87-451F-9620-B3F79A276ABE}.Ad-Hoc|iPhoneSimulator.Build.0 = Release|Any CPU
		{5A112EC4-3F87-451F-9620-B3F79A276ABE}.Ad-Hoc|iPhoneSimulator.Deploy.0 = Release|Any CPU
		{5A112EC4-3F87-451F-9620-B3F79A276ABE}.Ad-Hoc|x64.ActiveCfg = Release|Any CPU
		{5A112EC4-3F87-451F-9620-B3F79A276ABE}.Ad-Hoc|x64.Build.0 = Release|Any CPU
		{5A112EC4-3F87-451F-9620-B3F79A276ABE}.Ad-Hoc|x64.Deploy.0 = Release|Any CPU
		{5A112EC4-3F87-451F-9620-B3F79A276ABE}.Ad-Hoc|x86.ActiveCfg = Release|x86
		{5A112EC4-3F87-451F-9620-B3F79A276ABE}.Ad-Hoc|x86.Build.0 = Release|x86
		{5A112EC4-3F87-451F-9620-B3F79A276ABE}.Ad-Hoc|x86.Deploy.0 = Release|x86
		{5A112EC4-3F87-451F-9620-B3F79A276ABE}.AppStore|Any CPU.ActiveCfg = Release|Any CPU
		{5A112EC4-3F87-451F-9620-B3F79A276ABE}.AppStore|Any CPU.Build.0 = Release|Any CPU
		{5A112EC4-3F87-451F-9620-B3F79A276ABE}.AppStore|Any CPU.Deploy.0 = Release|Any CPU
		{5A112EC4-3F87-451F-9620-B3F79A276ABE}.AppStore|ARM.ActiveCfg = Release|ARM
		{5A112EC4-3F87-451F-9620-B3F79A276ABE}.AppStore|ARM.Build.0 = Release|ARM
		{5A112EC4-3F87-451F-9620-B3F79A276ABE}.AppStore|ARM.Deploy.0 = Release|ARM
		{5A112EC4-3F87-451F-9620-B3F79A276ABE}.AppStore|iPhone.ActiveCfg = Release|Any CPU
		{5A112EC4-3F87-451F-9620-B3F79A276ABE}.AppStore|iPhone.Build.0 = Release|Any CPU
		{5A112EC4-3F87-451F-9620-B3F79A276ABE}.AppStore|iPhone.Deploy.0 = Release|Any CPU
		{5A112EC4-3F87-451F-9620-B3F79A276ABE}.AppStore|iPhoneSimulator.ActiveCfg = Release|Any CPU
		{5A112EC4-3F87-451F-9620-B3F79A276ABE}.AppStore|iPhoneSimulator.Build.0 = Release|Any CPU
		{5A112EC4-3F87-451F-9620-B3F79A276ABE}.AppStore|iPhoneSimulator.Deploy.0 = Release|Any CPU
		{5A112EC4-3F87-451F-9620-B3F79A276ABE}.AppStore|x64.ActiveCfg = Release|Any CPU
		{5A112EC4-3F87-451F-9620-B3F79A276ABE}.AppStore|x64.Build.0 = Release|Any CPU
		{5A112EC4-3F87-451F-9620-B3F79A276ABE}.AppStore|x64.Deploy.0 = Release|Any CPU
		{5A112EC4-3F87-451F-9620-B3F79A276ABE}.AppStore|x86.ActiveCfg = Release|x86
		{5A112EC4-3F87-451F-9620-B3F79A276ABE}.AppStore|x86.Build.0 = Release|x86
		{5A112EC4-3F87-451F-9620-B3F79A276ABE}.AppStore|x86.Deploy.0 = Release|x86
		{5A112EC4-3F87-451F-9620-B3F79A276ABE}.Debug|Any CPU.ActiveCfg = Debug|Any CPU
		{5A112EC4-3F87-451F-9620-B3F79A276ABE}.Debug|Any CPU.Build.0 = Debug|Any CPU
		{5A112EC4-3F87-451F-9620-B3F79A276ABE}.Debug|Any CPU.Deploy.0 = Debug|Any CPU
		{5A112EC4-3F87-451F-9620-B3F79A276ABE}.Debug|ARM.ActiveCfg = Debug|ARM
		{5A112EC4-3F87-451F-9620-B3F79A276ABE}.Debug|ARM.Build.0 = Debug|ARM
		{5A112EC4-3F87-451F-9620-B3F79A276ABE}.Debug|ARM.Deploy.0 = Debug|ARM
		{5A112EC4-3F87-451F-9620-B3F79A276ABE}.Debug|iPhone.ActiveCfg = Debug|Any CPU
		{5A112EC4-3F87-451F-9620-B3F79A276ABE}.Debug|iPhone.Build.0 = Debug|Any CPU
		{5A112EC4-3F87-451F-9620-B3F79A276ABE}.Debug|iPhone.Deploy.0 = Debug|Any CPU
		{5A112EC4-3F87-451F-9620-B3F79A276ABE}.Debug|iPhoneSimulator.ActiveCfg = Debug|Any CPU
		{5A112EC4-3F87-451F-9620-B3F79A276ABE}.Debug|iPhoneSimulator.Build.0 = Debug|Any CPU
		{5A112EC4-3F87-451F-9620-B3F79A276ABE}.Debug|iPhoneSimulator.Deploy.0 = Debug|Any CPU
		{5A112EC4-3F87-451F-9620-B3F79A276ABE}.Debug|x64.ActiveCfg = Debug|Any CPU
		{5A112EC4-3F87-451F-9620-B3F79A276ABE}.Debug|x64.Build.0 = Debug|Any CPU
		{5A112EC4-3F87-451F-9620-B3F79A276ABE}.Debug|x64.Deploy.0 = Debug|Any CPU
		{5A112EC4-3F87-451F-9620-B3F79A276ABE}.Debug|x86.ActiveCfg = Debug|x86
		{5A112EC4-3F87-451F-9620-B3F79A276ABE}.Debug|x86.Build.0 = Debug|x86
		{5A112EC4-3F87-451F-9620-B3F79A276ABE}.Debug|x86.Deploy.0 = Debug|x86
		{5A112EC4-3F87-451F-9620-B3F79A276ABE}.Release|Any CPU.ActiveCfg = Release|Any CPU
		{5A112EC4-3F87-451F-9620-B3F79A276ABE}.Release|Any CPU.Build.0 = Release|Any CPU
		{5A112EC4-3F87-451F-9620-B3F79A276ABE}.Release|Any CPU.Deploy.0 = Release|Any CPU
		{5A112EC4-3F87-451F-9620-B3F79A276ABE}.Release|ARM.ActiveCfg = Release|ARM
		{5A112EC4-3F87-451F-9620-B3F79A276ABE}.Release|ARM.Build.0 = Release|ARM
		{5A112EC4-3F87-451F-9620-B3F79A276ABE}.Release|ARM.Deploy.0 = Release|ARM
		{5A112EC4-3F87-451F-9620-B3F79A276ABE}.Release|iPhone.ActiveCfg = Release|Any CPU
		{5A112EC4-3F87-451F-9620-B3F79A276ABE}.Release|iPhone.Build.0 = Release|Any CPU
		{5A112EC4-3F87-451F-9620-B3F79A276ABE}.Release|iPhone.Deploy.0 = Release|Any CPU
		{5A112EC4-3F87-451F-9620-B3F79A276ABE}.Release|iPhoneSimulator.ActiveCfg = Release|Any CPU
		{5A112EC4-3F87-451F-9620-B3F79A276ABE}.Release|iPhoneSimulator.Build.0 = Release|Any CPU
		{5A112EC4-3F87-451F-9620-B3F79A276ABE}.Release|iPhoneSimulator.Deploy.0 = Release|Any CPU
		{5A112EC4-3F87-451F-9620-B3F79A276ABE}.Release|x64.ActiveCfg = Release|Any CPU
		{5A112EC4-3F87-451F-9620-B3F79A276ABE}.Release|x64.Build.0 = Release|Any CPU
		{5A112EC4-3F87-451F-9620-B3F79A276ABE}.Release|x64.Deploy.0 = Release|Any CPU
		{5A112EC4-3F87-451F-9620-B3F79A276ABE}.Release|x86.ActiveCfg = Release|x86
		{5A112EC4-3F87-451F-9620-B3F79A276ABE}.Release|x86.Build.0 = Release|x86
		{5A112EC4-3F87-451F-9620-B3F79A276ABE}.Release|x86.Deploy.0 = Release|x86
		{0FCD0F73-7031-40E2-96A1-FFEA81FC0B73}.Ad-Hoc|Any CPU.ActiveCfg = Release|Any CPU
		{0FCD0F73-7031-40E2-96A1-FFEA81FC0B73}.Ad-Hoc|Any CPU.Build.0 = Release|Any CPU
		{0FCD0F73-7031-40E2-96A1-FFEA81FC0B73}.Ad-Hoc|Any CPU.Deploy.0 = Release|Any CPU
		{0FCD0F73-7031-40E2-96A1-FFEA81FC0B73}.Ad-Hoc|ARM.ActiveCfg = Release|ARM
		{0FCD0F73-7031-40E2-96A1-FFEA81FC0B73}.Ad-Hoc|ARM.Build.0 = Release|ARM
		{0FCD0F73-7031-40E2-96A1-FFEA81FC0B73}.Ad-Hoc|ARM.Deploy.0 = Release|ARM
		{0FCD0F73-7031-40E2-96A1-FFEA81FC0B73}.Ad-Hoc|iPhone.ActiveCfg = Release|Any CPU
		{0FCD0F73-7031-40E2-96A1-FFEA81FC0B73}.Ad-Hoc|iPhone.Build.0 = Release|Any CPU
		{0FCD0F73-7031-40E2-96A1-FFEA81FC0B73}.Ad-Hoc|iPhone.Deploy.0 = Release|Any CPU
		{0FCD0F73-7031-40E2-96A1-FFEA81FC0B73}.Ad-Hoc|iPhoneSimulator.ActiveCfg = Release|Any CPU
		{0FCD0F73-7031-40E2-96A1-FFEA81FC0B73}.Ad-Hoc|iPhoneSimulator.Build.0 = Release|Any CPU
		{0FCD0F73-7031-40E2-96A1-FFEA81FC0B73}.Ad-Hoc|iPhoneSimulator.Deploy.0 = Release|Any CPU
		{0FCD0F73-7031-40E2-96A1-FFEA81FC0B73}.Ad-Hoc|x64.ActiveCfg = Release|x64
		{0FCD0F73-7031-40E2-96A1-FFEA81FC0B73}.Ad-Hoc|x64.Build.0 = Release|x64
		{0FCD0F73-7031-40E2-96A1-FFEA81FC0B73}.Ad-Hoc|x64.Deploy.0 = Release|x64
		{0FCD0F73-7031-40E2-96A1-FFEA81FC0B73}.Ad-Hoc|x86.ActiveCfg = Release|x86
		{0FCD0F73-7031-40E2-96A1-FFEA81FC0B73}.Ad-Hoc|x86.Build.0 = Release|x86
		{0FCD0F73-7031-40E2-96A1-FFEA81FC0B73}.Ad-Hoc|x86.Deploy.0 = Release|x86
		{0FCD0F73-7031-40E2-96A1-FFEA81FC0B73}.AppStore|Any CPU.ActiveCfg = Release|Any CPU
		{0FCD0F73-7031-40E2-96A1-FFEA81FC0B73}.AppStore|Any CPU.Build.0 = Release|Any CPU
		{0FCD0F73-7031-40E2-96A1-FFEA81FC0B73}.AppStore|Any CPU.Deploy.0 = Release|Any CPU
		{0FCD0F73-7031-40E2-96A1-FFEA81FC0B73}.AppStore|ARM.ActiveCfg = Release|ARM
		{0FCD0F73-7031-40E2-96A1-FFEA81FC0B73}.AppStore|ARM.Build.0 = Release|ARM
		{0FCD0F73-7031-40E2-96A1-FFEA81FC0B73}.AppStore|ARM.Deploy.0 = Release|ARM
		{0FCD0F73-7031-40E2-96A1-FFEA81FC0B73}.AppStore|iPhone.ActiveCfg = Release|Any CPU
		{0FCD0F73-7031-40E2-96A1-FFEA81FC0B73}.AppStore|iPhone.Build.0 = Release|Any CPU
		{0FCD0F73-7031-40E2-96A1-FFEA81FC0B73}.AppStore|iPhone.Deploy.0 = Release|Any CPU
		{0FCD0F73-7031-40E2-96A1-FFEA81FC0B73}.AppStore|iPhoneSimulator.ActiveCfg = Release|Any CPU
		{0FCD0F73-7031-40E2-96A1-FFEA81FC0B73}.AppStore|iPhoneSimulator.Build.0 = Release|Any CPU
		{0FCD0F73-7031-40E2-96A1-FFEA81FC0B73}.AppStore|iPhoneSimulator.Deploy.0 = Release|Any CPU
		{0FCD0F73-7031-40E2-96A1-FFEA81FC0B73}.AppStore|x64.ActiveCfg = Release|x64
		{0FCD0F73-7031-40E2-96A1-FFEA81FC0B73}.AppStore|x64.Build.0 = Release|x64
		{0FCD0F73-7031-40E2-96A1-FFEA81FC0B73}.AppStore|x64.Deploy.0 = Release|x64
		{0FCD0F73-7031-40E2-96A1-FFEA81FC0B73}.AppStore|x86.ActiveCfg = Release|x86
		{0FCD0F73-7031-40E2-96A1-FFEA81FC0B73}.AppStore|x86.Build.0 = Release|x86
		{0FCD0F73-7031-40E2-96A1-FFEA81FC0B73}.AppStore|x86.Deploy.0 = Release|x86
		{0FCD0F73-7031-40E2-96A1-FFEA81FC0B73}.Debug|Any CPU.ActiveCfg = Debug|Any CPU
		{0FCD0F73-7031-40E2-96A1-FFEA81FC0B73}.Debug|Any CPU.Build.0 = Debug|Any CPU
		{0FCD0F73-7031-40E2-96A1-FFEA81FC0B73}.Debug|Any CPU.Deploy.0 = Debug|Any CPU
		{0FCD0F73-7031-40E2-96A1-FFEA81FC0B73}.Debug|ARM.ActiveCfg = Debug|ARM
		{0FCD0F73-7031-40E2-96A1-FFEA81FC0B73}.Debug|ARM.Build.0 = Debug|ARM
		{0FCD0F73-7031-40E2-96A1-FFEA81FC0B73}.Debug|ARM.Deploy.0 = Debug|ARM
		{0FCD0F73-7031-40E2-96A1-FFEA81FC0B73}.Debug|iPhone.ActiveCfg = Debug|Any CPU
		{0FCD0F73-7031-40E2-96A1-FFEA81FC0B73}.Debug|iPhone.Build.0 = Debug|Any CPU
		{0FCD0F73-7031-40E2-96A1-FFEA81FC0B73}.Debug|iPhone.Deploy.0 = Debug|Any CPU
		{0FCD0F73-7031-40E2-96A1-FFEA81FC0B73}.Debug|iPhoneSimulator.ActiveCfg = Debug|Any CPU
		{0FCD0F73-7031-40E2-96A1-FFEA81FC0B73}.Debug|iPhoneSimulator.Build.0 = Debug|Any CPU
		{0FCD0F73-7031-40E2-96A1-FFEA81FC0B73}.Debug|iPhoneSimulator.Deploy.0 = Debug|Any CPU
		{0FCD0F73-7031-40E2-96A1-FFEA81FC0B73}.Debug|x64.ActiveCfg = Debug|x64
		{0FCD0F73-7031-40E2-96A1-FFEA81FC0B73}.Debug|x64.Build.0 = Debug|x64
		{0FCD0F73-7031-40E2-96A1-FFEA81FC0B73}.Debug|x64.Deploy.0 = Debug|x64
		{0FCD0F73-7031-40E2-96A1-FFEA81FC0B73}.Debug|x86.ActiveCfg = Debug|x86
		{0FCD0F73-7031-40E2-96A1-FFEA81FC0B73}.Debug|x86.Build.0 = Debug|x86
		{0FCD0F73-7031-40E2-96A1-FFEA81FC0B73}.Debug|x86.Deploy.0 = Debug|x86
		{0FCD0F73-7031-40E2-96A1-FFEA81FC0B73}.Release|Any CPU.ActiveCfg = Release|Any CPU
		{0FCD0F73-7031-40E2-96A1-FFEA81FC0B73}.Release|Any CPU.Build.0 = Release|Any CPU
		{0FCD0F73-7031-40E2-96A1-FFEA81FC0B73}.Release|Any CPU.Deploy.0 = Release|Any CPU
		{0FCD0F73-7031-40E2-96A1-FFEA81FC0B73}.Release|ARM.ActiveCfg = Release|ARM
		{0FCD0F73-7031-40E2-96A1-FFEA81FC0B73}.Release|ARM.Build.0 = Release|ARM
		{0FCD0F73-7031-40E2-96A1-FFEA81FC0B73}.Release|ARM.Deploy.0 = Release|ARM
		{0FCD0F73-7031-40E2-96A1-FFEA81FC0B73}.Release|iPhone.ActiveCfg = Release|Any CPU
		{0FCD0F73-7031-40E2-96A1-FFEA81FC0B73}.Release|iPhone.Build.0 = Release|Any CPU
		{0FCD0F73-7031-40E2-96A1-FFEA81FC0B73}.Release|iPhone.Deploy.0 = Release|Any CPU
		{0FCD0F73-7031-40E2-96A1-FFEA81FC0B73}.Release|iPhoneSimulator.ActiveCfg = Release|Any CPU
		{0FCD0F73-7031-40E2-96A1-FFEA81FC0B73}.Release|iPhoneSimulator.Build.0 = Release|Any CPU
		{0FCD0F73-7031-40E2-96A1-FFEA81FC0B73}.Release|iPhoneSimulator.Deploy.0 = Release|Any CPU
		{0FCD0F73-7031-40E2-96A1-FFEA81FC0B73}.Release|x64.ActiveCfg = Release|x64
		{0FCD0F73-7031-40E2-96A1-FFEA81FC0B73}.Release|x64.Build.0 = Release|x64
		{0FCD0F73-7031-40E2-96A1-FFEA81FC0B73}.Release|x64.Deploy.0 = Release|x64
		{0FCD0F73-7031-40E2-96A1-FFEA81FC0B73}.Release|x86.ActiveCfg = Release|x86
		{0FCD0F73-7031-40E2-96A1-FFEA81FC0B73}.Release|x86.Build.0 = Release|x86
		{0FCD0F73-7031-40E2-96A1-FFEA81FC0B73}.Release|x86.Deploy.0 = Release|x86
	EndGlobalSection
	GlobalSection(SolutionProperties) = preSolution
		HideSolutionNode = FALSE
	EndGlobalSection
EndGlobal
